{
  "object": {
    "pins": [
      {
        "package": "SoulverCore",
        "repositoryURL": "https://github.com/soulverteam/SoulverCore",
        "state": {
          "branch": null,
          "revision": "1874ef48a4eb950916e64b26eab6d7d36aec4402",
          "version": "1.1.2"
        }
      }
    ]
  },
  "version": 1
}
