{
  "object": {
    "pins": [
      {
        "package": "SoulverCore",
        "repositoryURL": "https://github.com/soulverteam/SoulverCore",
        "state": {
          "branch": null,
          "revision": "3c99179b41dde51fa3093e4fad0a389a0cb82aa1",
          "version": "1.4.0"
        }
      }
    ]
  },
  "version": 1
}
