{
  "object": {
    "pins": [
      {
        "package": "SoulverCore",
        "repositoryURL": "https://github.com/soulverteam/SoulverCore",
        "state": {
          "branch": null,
          "revision": "78146daa8edda153f59f5d9cf62f6e2ca6124b7a",
          "version": "1.1.4"
        }
      }
    ]
  },
  "version": 1
}
