{
  "object": {
    "pins": [
      {
        "package": "SoulverCore",
        "repositoryURL": "https://github.com/soulverteam/SoulverCore",
        "state": {
          "branch": null,
          "revision": "ffb4877936afb279804e381c5d29ae46b0fce520",
          "version": "1.4.5"
        }
      }
    ]
  },
  "version": 1
}
